Microsoft Visual Studio Solution File, Format Version 12.00
# Visual Studio 14
VisualStudioVersion = 14.0.24720.0
MinimumVisualStudioVersion = 10.0.40219.1
Project("{2150E333-8FDC-42A3-9474-1A3956D46DE8}") = "(gyp)", "(gyp)", "{E749D54E-AE92-9BE8-4D35-319473619CF0}"
EndProject
Project("{2150E333-8FDC-42A3-9474-1A3956D46DE8}") = "(skia)", "(skia)", "{FEB577BE-D1B1-4516-982F-3D4F24385561}"
EndProject
Project("{2150E333-8FDC-42A3-9474-1A3956D46DE8}") = "(third_party)", "(third_party)", "{89C816A7-DD31-D54C-C69C-5A80E0C49B77}"
EndProject
Project("{8BC9CEB8-8B4A-11D0-8D11-00A0C91BC942}") = "codec", "third_party\skia\gyp\codec.vcxproj", "{FA66FC87-9071-598D-041B-BC9AE1089AD7}"
	ProjectSection(ProjectDependencies) = postProject
		{14C5B93A-3F46-F713-7C3E-730FA1019C15} = {14C5B93A-3F46-F713-7C3E-730FA1019C15}
		{438A23AC-5FA1-F065-52E3-BACABEB7A989} = {438A23AC-5FA1-F065-52E3-BACABEB7A989}
		{2D3E8F7C-FE4F-A655-0F87-E5D47ECD917C} = {2D3E8F7C-FE4F-A655-0F87-E5D47ECD917C}
	EndProjectSection
EndProject
Project("{8BC9CEB8-8B4A-11D0-8D11-00A0C91BC942}") = "codec_android", "third_party\skia\gyp\codec_android.vcxproj", "{BAB455F7-5072-C44B-BC89-8696C99CD6D8}"
EndProject
Project("{8BC9CEB8-8B4A-11D0-8D11-00A0C91BC942}") = "core", "third_party\skia\gyp\core.vcxproj", "{B7760B5E-BFA8-486B-ACFD-49E3A6DE8E76}"
EndProject
Project("{8BC9CEB8-8B4A-11D0-8D11-00A0C91BC942}") = "effects", "third_party\skia\gyp\effects.vcxproj", "{37CBE292-62AE-6DC4-2383-B7E19083950C}"
EndProject
Project("{8BC9CEB8-8B4A-11D0-8D11-00A0C91BC942}") = "giflib", "third_party\skia\gyp\giflib.vcxproj", "{56C8585E-7A13-8F51-F417-0D0576D49792}"
EndProject
Project("{8BC9CEB8-8B4A-11D0-8D11-00A0C91BC942}") = "images", "third_party\skia\gyp\images.vcxproj", "{65D56779-8B0C-9F4F-57C8-38A13671B5E5}"
	ProjectSection(ProjectDependencies) = postProject
		{14C5B93A-3F46-F713-7C3E-730FA1019C15} = {14C5B93A-3F46-F713-7C3E-730FA1019C15}
		{2D3E8F7C-FE4F-A655-0F87-E5D47ECD917C} = {2D3E8F7C-FE4F-A655-0F87-E5D47ECD917C}
	EndProjectSection
EndProject
Project("{8BC9CEB8-8B4A-11D0-8D11-00A0C91BC942}") = "libSkKTX", "third_party\skia\gyp\libSkKTX.vcxproj", "{E3834188-5E59-6029-10B7-001324885B61}"
EndProject
Project("{8BC9CEB8-8B4A-11D0-8D11-00A0C91BC942}") = "libetc1", "third_party\skia\gyp\libetc1.vcxproj", "{D35C81CF-0FF9-0683-70B7-40B9761A2783}"
EndProject
Project("{8BC9CEB8-8B4A-11D0-8D11-00A0C91BC942}") = "libjpeg-turbo", "third_party\skia\gyp\libjpeg-turbo.vcxproj", "{4FCA04C5-E602-8C84-4529-30ACEE90369F}"
	ProjectSection(ProjectDependencies) = postProject
		{72B7E323-8609-9201-D7E0-EA5DFDEFCA10} = {72B7E323-8609-9201-D7E0-EA5DFDEFCA10}
	EndProjectSection
EndProject
Project("{8BC9CEB8-8B4A-11D0-8D11-00A0C91BC942}") = "libjpeg-turbo-selector", "third_party\skia\gyp\libjpeg-turbo-selector.vcxproj", "{14C5B93A-3F46-F713-7C3E-730FA1019C15}"
	ProjectSection(ProjectDependencies) = postProject
		{4FCA04C5-E602-8C84-4529-30ACEE90369F} = {4FCA04C5-E602-8C84-4529-30ACEE90369F}
	EndProjectSection
EndProject
Project("{8BC9CEB8-8B4A-11D0-8D11-00A0C91BC942}") = "libpng", "third_party\skia\gyp\libpng.vcxproj", "{438A23AC-5FA1-F065-52E3-BACABEB7A989}"
	ProjectSection(ProjectDependencies) = postProject
		{BB05E5DA-2420-CBCC-BFF2-0E2FB348B616} = {BB05E5DA-2420-CBCC-BFF2-0E2FB348B616}
	EndProjectSection
EndProject
Project("{8BC9CEB8-8B4A-11D0-8D11-00A0C91BC942}") = "libpng_static", "third_party\skia\gyp\libpng_static.vcxproj", "{BB05E5DA-2420-CBCC-BFF2-0E2FB348B616}"
EndProject
Project("{8BC9CEB8-8B4A-11D0-8D11-00A0C91BC942}") = "libpng_static_neon", "third_party\skia\gyp\libpng_static_neon.vcxproj", "{16B65F3E-7393-42B7-FF02-0CE2C6F9FF2C}"
EndProject
Project("{8BC9CEB8-8B4A-11D0-8D11-00A0C91BC942}") = "libwebp", "third_party\skia\gyp\libwebp.vcxproj", "{2D3E8F7C-FE4F-A655-0F87-E5D47ECD917C}"
	ProjectSection(ProjectDependencies) = postProject
		{201D20B7-BFD3-0C47-F8A2-49D36441543C} = {201D20B7-BFD3-0C47-F8A2-49D36441543C}
		{59488891-45FB-EB76-067A-618F2932B6A3} = {59488891-45FB-EB76-067A-618F2932B6A3}
		{B24C04BC-9391-5C53-FCE7-C453747F9378} = {B24C04BC-9391-5C53-FCE7-C453747F9378}
		{3C5FAA92-E19B-0F59-4B42-4DE46C142EE0} = {3C5FAA92-E19B-0F59-4B42-4DE46C142EE0}
		{F635F977-A2A6-0142-5C1B-2499A8F85BF6} = {F635F977-A2A6-0142-5C1B-2499A8F85BF6}
		{F54D683C-2D19-21ED-4AD1-C7D4924A5A4D} = {F54D683C-2D19-21ED-4AD1-C7D4924A5A4D}
	EndProjectSection
EndProject
Project("{8BC9CEB8-8B4A-11D0-8D11-00A0C91BC942}") = "libwebp_dec", "third_party\skia\gyp\libwebp_dec.vcxproj", "{201D20B7-BFD3-0C47-F8A2-49D36441543C}"
EndProject
Project("{8BC9CEB8-8B4A-11D0-8D11-00A0C91BC942}") = "libwebp_demux", "third_party\skia\gyp\libwebp_demux.vcxproj", "{59488891-45FB-EB76-067A-618F2932B6A3}"
EndProject
Project("{8BC9CEB8-8B4A-11D0-8D11-00A0C91BC942}") = "libwebp_dsp", "third_party\skia\gyp\libwebp_dsp.vcxproj", "{B24C04BC-9391-5C53-FCE7-C453747F9378}"
EndProject
Project("{8BC9CEB8-8B4A-11D0-8D11-00A0C91BC942}") = "libwebp_dsp_enc", "third_party\skia\gyp\libwebp_dsp_enc.vcxproj", "{8E9CC747-4F5A-0633-1CC5-87BBDD56399E}"
EndProject
Project("{8BC9CEB8-8B4A-11D0-8D11-00A0C91BC942}") = "libwebp_dsp_neon", "third_party\skia\gyp\libwebp_dsp_neon.vcxproj", "{3C5FAA92-E19B-0F59-4B42-4DE46C142EE0}"
EndProject
Project("{8BC9CEB8-8B4A-11D0-8D11-00A0C91BC942}") = "libwebp_enc", "third_party\skia\gyp\libwebp_enc.vcxproj", "{F635F977-A2A6-0142-5C1B-2499A8F85BF6}"
EndProject
Project("{8BC9CEB8-8B4A-11D0-8D11-00A0C91BC942}") = "libwebp_utils", "third_party\skia\gyp\libwebp_utils.vcxproj", "{F54D683C-2D19-21ED-4AD1-C7D4924A5A4D}"
EndProject
Project("{8BC9CEB8-8B4A-11D0-8D11-00A0C91BC942}") = "opts", "third_party\skia\gyp\opts.vcxproj", "{E6C7FF5F-F2B4-4353-B45E-77CD72D12BFE}"
EndProject
Project("{8BC9CEB8-8B4A-11D0-8D11-00A0C91BC942}") = "opts_avx", "third_party\skia\gyp\opts_avx.vcxproj", "{6C6DCCA0-19E5-1BAD-B714-6EF0AF8D54F1}"
EndProject
Project("{8BC9CEB8-8B4A-11D0-8D11-00A0C91BC942}") = "opts_avx2", "third_party\skia\gyp\opts_avx2.vcxproj", "{A766B00C-0D4E-6CEC-6AB8-96364FB014CA}"
EndProject
Project("{8BC9CEB8-8B4A-11D0-8D11-00A0C91BC942}") = "opts_sse41", "third_party\skia\gyp\opts_sse41.vcxproj", "{24BB954A-C20F-2F0D-56CB-DA09C4C25845}"
EndProject
Project("{8BC9CEB8-8B4A-11D0-8D11-00A0C91BC942}") = "opts_sse42", "third_party\skia\gyp\opts_sse42.vcxproj", "{C850F3D6-AACC-58AA-DC5A-0F6D457AF22C}"
EndProject
Project("{8BC9CEB8-8B4A-11D0-8D11-00A0C91BC942}") = "opts_ssse3", "third_party\skia\gyp\opts_ssse3.vcxproj", "{E80DD4E7-8BDA-DDDF-8BE7-FC20ED41F41D}"
EndProject
Project("{8BC9CEB8-8B4A-11D0-8D11-00A0C91BC942}") = "ports", "third_party\skia\gyp\ports.vcxproj", "{8EC63885-3FEE-0904-44D5-AE84CAB80D74}"
EndProject
Project("{8BC9CEB8-8B4A-11D0-8D11-00A0C91BC942}") = "sfnt", "third_party\skia\gyp\sfnt.vcxproj", "{EF62BE51-3AD7-5A76-BFCD-49E296333B5E}"
EndProject
Project("{8BC9CEB8-8B4A-11D0-8D11-00A0C91BC942}") = "skgpu", "third_party\skia\gyp\skgpu.vcxproj", "{671CC131-4874-3884-DD12-F3D7F062DD20}"
EndProject
Project("{8BC9CEB8-8B4A-11D0-8D11-00A0C91BC942}") = "skia_lib", "third_party\skia\gyp\skia_lib.vcxproj", "{AA8BB20A-BFB7-C0B2-DC4A-0A33E6D86E70}"
	ProjectSection(ProjectDependencies) = postProject
		{B7760B5E-BFA8-486B-ACFD-49E3A6DE8E76} = {B7760B5E-BFA8-486B-ACFD-49E3A6DE8E76}
		{FA66FC87-9071-598D-041B-BC9AE1089AD7} = {FA66FC87-9071-598D-041B-BC9AE1089AD7}
		{BAB455F7-5072-C44B-BC89-8696C99CD6D8} = {BAB455F7-5072-C44B-BC89-8696C99CD6D8}
		{37CBE292-62AE-6DC4-2383-B7E19083950C} = {37CBE292-62AE-6DC4-2383-B7E19083950C}
		{65D56779-8B0C-9F4F-57C8-38A13671B5E5} = {65D56779-8B0C-9F4F-57C8-38A13671B5E5}
		{E6C7FF5F-F2B4-4353-B45E-77CD72D12BFE} = {E6C7FF5F-F2B4-4353-B45E-77CD72D12BFE}
		{8EC63885-3FEE-0904-44D5-AE84CAB80D74} = {8EC63885-3FEE-0904-44D5-AE84CAB80D74}
		{EF62BE51-3AD7-5A76-BFCD-49E296333B5E} = {EF62BE51-3AD7-5A76-BFCD-49E296333B5E}
		{02662B02-5C97-92EA-9792-10AF0378DE47} = {02662B02-5C97-92EA-9792-10AF0378DE47}
		{E80DD4E7-8BDA-DDDF-8BE7-FC20ED41F41D} = {E80DD4E7-8BDA-DDDF-8BE7-FC20ED41F41D}
		{24BB954A-C20F-2F0D-56CB-DA09C4C25845} = {24BB954A-C20F-2F0D-56CB-DA09C4C25845}
		{671CC131-4874-3884-DD12-F3D7F062DD20} = {671CC131-4874-3884-DD12-F3D7F062DD20}
	EndProjectSection
EndProject
Project("{8BC9CEB8-8B4A-11D0-8D11-00A0C91BC942}") = "using_skia", "using_skia.vcxproj", "{A9226F3A-4111-9BF3-940F-4627B3F4648C}"
	ProjectSection(ProjectDependencies) = postProject
		{AA8BB20A-BFB7-C0B2-DC4A-0A33E6D86E70} = {AA8BB20A-BFB7-C0B2-DC4A-0A33E6D86E70}
		{C3E8368B-CB6C-E4BE-1D08-B4A7CBCF9420} = {C3E8368B-CB6C-E4BE-1D08-B4A7CBCF9420}
		{B7760B5E-BFA8-486B-ACFD-49E3A6DE8E76} = {B7760B5E-BFA8-486B-ACFD-49E3A6DE8E76}
		{FA66FC87-9071-598D-041B-BC9AE1089AD7} = {FA66FC87-9071-598D-041B-BC9AE1089AD7}
		{56C8585E-7A13-8F51-F417-0D0576D49792} = {56C8585E-7A13-8F51-F417-0D0576D49792}
		{14C5B93A-3F46-F713-7C3E-730FA1019C15} = {14C5B93A-3F46-F713-7C3E-730FA1019C15}
		{4FCA04C5-E602-8C84-4529-30ACEE90369F} = {4FCA04C5-E602-8C84-4529-30ACEE90369F}
		{438A23AC-5FA1-F065-52E3-BACABEB7A989} = {438A23AC-5FA1-F065-52E3-BACABEB7A989}
		{BB05E5DA-2420-CBCC-BFF2-0E2FB348B616} = {BB05E5DA-2420-CBCC-BFF2-0E2FB348B616}
		{C339C1C4-80AD-4576-7D6B-6BD5D6E2EA68} = {C339C1C4-80AD-4576-7D6B-6BD5D6E2EA68}
		{35CC70F1-585F-55F5-7169-521DA34AFCCA} = {35CC70F1-585F-55F5-7169-521DA34AFCCA}
		{16B65F3E-7393-42B7-FF02-0CE2C6F9FF2C} = {16B65F3E-7393-42B7-FF02-0CE2C6F9FF2C}
		{2D3E8F7C-FE4F-A655-0F87-E5D47ECD917C} = {2D3E8F7C-FE4F-A655-0F87-E5D47ECD917C}
		{201D20B7-BFD3-0C47-F8A2-49D36441543C} = {201D20B7-BFD3-0C47-F8A2-49D36441543C}
		{59488891-45FB-EB76-067A-618F2932B6A3} = {59488891-45FB-EB76-067A-618F2932B6A3}
		{B24C04BC-9391-5C53-FCE7-C453747F9378} = {B24C04BC-9391-5C53-FCE7-C453747F9378}
		{3C5FAA92-E19B-0F59-4B42-4DE46C142EE0} = {3C5FAA92-E19B-0F59-4B42-4DE46C142EE0}
		{F635F977-A2A6-0142-5C1B-2499A8F85BF6} = {F635F977-A2A6-0142-5C1B-2499A8F85BF6}
		{8E9CC747-4F5A-0633-1CC5-87BBDD56399E} = {8E9CC747-4F5A-0633-1CC5-87BBDD56399E}
		{F54D683C-2D19-21ED-4AD1-C7D4924A5A4D} = {F54D683C-2D19-21ED-4AD1-C7D4924A5A4D}
		{BAB455F7-5072-C44B-BC89-8696C99CD6D8} = {BAB455F7-5072-C44B-BC89-8696C99CD6D8}
		{37CBE292-62AE-6DC4-2383-B7E19083950C} = {37CBE292-62AE-6DC4-2383-B7E19083950C}
		{65D56779-8B0C-9F4F-57C8-38A13671B5E5} = {65D56779-8B0C-9F4F-57C8-38A13671B5E5}
		{D35C81CF-0FF9-0683-70B7-40B9761A2783} = {D35C81CF-0FF9-0683-70B7-40B9761A2783}
		{E3834188-5E59-6029-10B7-001324885B61} = {E3834188-5E59-6029-10B7-001324885B61}
		{02662B02-5C97-92EA-9792-10AF0378DE47} = {02662B02-5C97-92EA-9792-10AF0378DE47}
		{E6C7FF5F-F2B4-4353-B45E-77CD72D12BFE} = {E6C7FF5F-F2B4-4353-B45E-77CD72D12BFE}
		{E80DD4E7-8BDA-DDDF-8BE7-FC20ED41F41D} = {E80DD4E7-8BDA-DDDF-8BE7-FC20ED41F41D}
		{24BB954A-C20F-2F0D-56CB-DA09C4C25845} = {24BB954A-C20F-2F0D-56CB-DA09C4C25845}
		{C850F3D6-AACC-58AA-DC5A-0F6D457AF22C} = {C850F3D6-AACC-58AA-DC5A-0F6D457AF22C}
		{6C6DCCA0-19E5-1BAD-B714-6EF0AF8D54F1} = {6C6DCCA0-19E5-1BAD-B714-6EF0AF8D54F1}
		{A766B00C-0D4E-6CEC-6AB8-96364FB014CA} = {A766B00C-0D4E-6CEC-6AB8-96364FB014CA}
		{8EC63885-3FEE-0904-44D5-AE84CAB80D74} = {8EC63885-3FEE-0904-44D5-AE84CAB80D74}
		{EF62BE51-3AD7-5A76-BFCD-49E296333B5E} = {EF62BE51-3AD7-5A76-BFCD-49E296333B5E}
		{671CC131-4874-3884-DD12-F3D7F062DD20} = {671CC131-4874-3884-DD12-F3D7F062DD20}
		{B80C6A94-785E-650D-D3CD-C5C5237A3BE2} = {B80C6A94-785E-650D-D3CD-C5C5237A3BE2}
	EndProjectSection
EndProject
Project("{8BC9CEB8-8B4A-11D0-8D11-00A0C91BC942}") = "utils", "third_party\skia\gyp\utils.vcxproj", "{02662B02-5C97-92EA-9792-10AF0378DE47}"
EndProject
Project("{8BC9CEB8-8B4A-11D0-8D11-00A0C91BC942}") = "views", "third_party\skia\gyp\views.vcxproj", "{C3E8368B-CB6C-E4BE-1D08-B4A7CBCF9420}"
	ProjectSection(ProjectDependencies) = postProject
		{AA8BB20A-BFB7-C0B2-DC4A-0A33E6D86E70} = {AA8BB20A-BFB7-C0B2-DC4A-0A33E6D86E70}
	EndProjectSection
EndProject
Project("{8BC9CEB8-8B4A-11D0-8D11-00A0C91BC942}") = "xml", "third_party\skia\gyp\xml.vcxproj", "{B80C6A94-785E-650D-D3CD-C5C5237A3BE2}"
	ProjectSection(ProjectDependencies) = postProject
		{AA8BB20A-BFB7-C0B2-DC4A-0A33E6D86E70} = {AA8BB20A-BFB7-C0B2-DC4A-0A33E6D86E70}
	EndProjectSection
EndProject
Project("{8BC9CEB8-8B4A-11D0-8D11-00A0C91BC942}") = "yasm-win", "third_party\skia\gyp\yasm-win.vcxproj", "{72B7E323-8609-9201-D7E0-EA5DFDEFCA10}"
EndProject
Project("{8BC9CEB8-8B4A-11D0-8D11-00A0C91BC942}") = "zlib", "third_party\skia\gyp\zlib.vcxproj", "{C339C1C4-80AD-4576-7D6B-6BD5D6E2EA68}"
EndProject
Project("{8BC9CEB8-8B4A-11D0-8D11-00A0C91BC942}") = "zlib_x86_simd", "third_party\skia\gyp\zlib_x86_simd.vcxproj", "{35CC70F1-585F-55F5-7169-521DA34AFCCA}"
EndProject
Global
	GlobalSection(SolutionConfigurationPlatforms) = preSolution
		Debug_x64|Win32 = Debug_x64|Win32
		Debug|Win32 = Debug|Win32
		Release_Developer_x64|Win32 = Release_Developer_x64|Win32
		Release_Developer|Win32 = Release_Developer|Win32
		Release_x64|Win32 = Release_x64|Win32
		Release|Win32 = Release|Win32
	EndGlobalSection
	GlobalSection(ProjectConfigurationPlatforms) = postSolution
		{FA66FC87-9071-598D-041B-BC9AE1089AD7}.Debug_x64|Win32.ActiveCfg = Debug|Win32
		{FA66FC87-9071-598D-041B-BC9AE1089AD7}.Debug_x64|Win32.Build.0 = Debug|Win32
		{FA66FC87-9071-598D-041B-BC9AE1089AD7}.Debug|Win32.ActiveCfg = Debug|Win32
		{FA66FC87-9071-598D-041B-BC9AE1089AD7}.Debug|Win32.Build.0 = Debug|Win32
		{FA66FC87-9071-598D-041B-BC9AE1089AD7}.Release_Developer_x64|Win32.ActiveCfg = Release_Developer|Win32
		{FA66FC87-9071-598D-041B-BC9AE1089AD7}.Release_Developer_x64|Win32.Build.0 = Release_Developer|Win32
		{FA66FC87-9071-598D-041B-BC9AE1089AD7}.Release_Developer|Win32.ActiveCfg = Release_Developer|Win32
		{FA66FC87-9071-598D-041B-BC9AE1089AD7}.Release_Developer|Win32.Build.0 = Release_Developer|Win32
		{FA66FC87-9071-598D-041B-BC9AE1089AD7}.Release_x64|Win32.ActiveCfg = Release_Developer|Win32
		{FA66FC87-9071-598D-041B-BC9AE1089AD7}.Release_x64|Win32.Build.0 = Release_Developer|Win32
		{FA66FC87-9071-598D-041B-BC9AE1089AD7}.Release|Win32.ActiveCfg = Release|Win32
		{FA66FC87-9071-598D-041B-BC9AE1089AD7}.Release|Win32.Build.0 = Release|Win32
		{BAB455F7-5072-C44B-BC89-8696C99CD6D8}.Debug_x64|Win32.ActiveCfg = Debug|Win32
		{BAB455F7-5072-C44B-BC89-8696C99CD6D8}.Debug_x64|Win32.Build.0 = Debug|Win32
		{BAB455F7-5072-C44B-BC89-8696C99CD6D8}.Debug|Win32.ActiveCfg = Debug|Win32
		{BAB455F7-5072-C44B-BC89-8696C99CD6D8}.Debug|Win32.Build.0 = Debug|Win32
		{BAB455F7-5072-C44B-BC89-8696C99CD6D8}.Release_Developer_x64|Win32.ActiveCfg = Release_Developer|Win32
		{BAB455F7-5072-C44B-BC89-8696C99CD6D8}.Release_Developer_x64|Win32.Build.0 = Release_Developer|Win32
		{BAB455F7-5072-C44B-BC89-8696C99CD6D8}.Release_Developer|Win32.ActiveCfg = Release_Developer|Win32
		{BAB455F7-5072-C44B-BC89-8696C99CD6D8}.Release_Developer|Win32.Build.0 = Release_Developer|Win32
		{BAB455F7-5072-C44B-BC89-8696C99CD6D8}.Release_x64|Win32.ActiveCfg = Release_Developer|Win32
		{BAB455F7-5072-C44B-BC89-8696C99CD6D8}.Release_x64|Win32.Build.0 = Release_Developer|Win32
		{BAB455F7-5072-C44B-BC89-8696C99CD6D8}.Release|Win32.ActiveCfg = Release|Win32
		{BAB455F7-5072-C44B-BC89-8696C99CD6D8}.Release|Win32.Build.0 = Release|Win32
		{B7760B5E-BFA8-486B-ACFD-49E3A6DE8E76}.Debug_x64|Win32.ActiveCfg = Debug|Win32
		{B7760B5E-BFA8-486B-ACFD-49E3A6DE8E76}.Debug_x64|Win32.Build.0 = Debug|Win32
		{B7760B5E-BFA8-486B-ACFD-49E3A6DE8E76}.Debug|Win32.ActiveCfg = Debug|Win32
		{B7760B5E-BFA8-486B-ACFD-49E3A6DE8E76}.Debug|Win32.Build.0 = Debug|Win32
		{B7760B5E-BFA8-486B-ACFD-49E3A6DE8E76}.Release_Developer_x64|Win32.ActiveCfg = Release_Developer|Win32
		{B7760B5E-BFA8-486B-ACFD-49E3A6DE8E76}.Release_Developer_x64|Win32.Build.0 = Release_Developer|Win32
		{B7760B5E-BFA8-486B-ACFD-49E3A6DE8E76}.Release_Developer|Win32.ActiveCfg = Release_Developer|Win32
		{B7760B5E-BFA8-486B-ACFD-49E3A6DE8E76}.Release_Developer|Win32.Build.0 = Release_Developer|Win32
		{B7760B5E-BFA8-486B-ACFD-49E3A6DE8E76}.Release_x64|Win32.ActiveCfg = Release_Developer|Win32
		{B7760B5E-BFA8-486B-ACFD-49E3A6DE8E76}.Release_x64|Win32.Build.0 = Release_Developer|Win32
		{B7760B5E-BFA8-486B-ACFD-49E3A6DE8E76}.Release|Win32.ActiveCfg = Release|Win32
		{B7760B5E-BFA8-486B-ACFD-49E3A6DE8E76}.Release|Win32.Build.0 = Release|Win32
		{37CBE292-62AE-6DC4-2383-B7E19083950C}.Debug_x64|Win32.ActiveCfg = Debug|Win32
		{37CBE292-62AE-6DC4-2383-B7E19083950C}.Debug_x64|Win32.Build.0 = Debug|Win32
		{37CBE292-62AE-6DC4-2383-B7E19083950C}.Debug|Win32.ActiveCfg = Debug|Win32
		{37CBE292-62AE-6DC4-2383-B7E19083950C}.Debug|Win32.Build.0 = Debug|Win32
		{37CBE292-62AE-6DC4-2383-B7E19083950C}.Release_Developer_x64|Win32.ActiveCfg = Release_Developer|Win32
		{37CBE292-62AE-6DC4-2383-B7E19083950C}.Release_Developer_x64|Win32.Build.0 = Release_Developer|Win32
		{37CBE292-62AE-6DC4-2383-B7E19083950C}.Release_Developer|Win32.ActiveCfg = Release_Developer|Win32
		{37CBE292-62AE-6DC4-2383-B7E19083950C}.Release_Developer|Win32.Build.0 = Release_Developer|Win32
		{37CBE292-62AE-6DC4-2383-B7E19083950C}.Release_x64|Win32.ActiveCfg = Release_Developer|Win32
		{37CBE292-62AE-6DC4-2383-B7E19083950C}.Release_x64|Win32.Build.0 = Release_Developer|Win32
		{37CBE292-62AE-6DC4-2383-B7E19083950C}.Release|Win32.ActiveCfg = Release|Win32
		{37CBE292-62AE-6DC4-2383-B7E19083950C}.Release|Win32.Build.0 = Release|Win32
		{56C8585E-7A13-8F51-F417-0D0576D49792}.Debug_x64|Win32.ActiveCfg = Debug|Win32
		{56C8585E-7A13-8F51-F417-0D0576D49792}.Debug_x64|Win32.Build.0 = Debug|Win32
		{56C8585E-7A13-8F51-F417-0D0576D49792}.Debug|Win32.ActiveCfg = Debug|Win32
		{56C8585E-7A13-8F51-F417-0D0576D49792}.Debug|Win32.Build.0 = Debug|Win32
		{56C8585E-7A13-8F51-F417-0D0576D49792}.Release_Developer_x64|Win32.ActiveCfg = Release_Developer|Win32
		{56C8585E-7A13-8F51-F417-0D0576D49792}.Release_Developer_x64|Win32.Build.0 = Release_Developer|Win32
		{56C8585E-7A13-8F51-F417-0D0576D49792}.Release_Developer|Win32.ActiveCfg = Release_Developer|Win32
		{56C8585E-7A13-8F51-F417-0D0576D49792}.Release_Developer|Win32.Build.0 = Release_Developer|Win32
		{56C8585E-7A13-8F51-F417-0D0576D49792}.Release_x64|Win32.ActiveCfg = Release_Developer|Win32
		{56C8585E-7A13-8F51-F417-0D0576D49792}.Release_x64|Win32.Build.0 = Release_Developer|Win32
		{56C8585E-7A13-8F51-F417-0D0576D49792}.Release|Win32.ActiveCfg = Release|Win32
		{56C8585E-7A13-8F51-F417-0D0576D49792}.Release|Win32.Build.0 = Release|Win32
		{65D56779-8B0C-9F4F-57C8-38A13671B5E5}.Debug_x64|Win32.ActiveCfg = Debug|Win32
		{65D56779-8B0C-9F4F-57C8-38A13671B5E5}.Debug_x64|Win32.Build.0 = Debug|Win32
		{65D56779-8B0C-9F4F-57C8-38A13671B5E5}.Debug|Win32.ActiveCfg = Debug|Win32
		{65D56779-8B0C-9F4F-57C8-38A13671B5E5}.Debug|Win32.Build.0 = Debug|Win32
		{65D56779-8B0C-9F4F-57C8-38A13671B5E5}.Release_Developer_x64|Win32.ActiveCfg = Release_Developer|Win32
		{65D56779-8B0C-9F4F-57C8-38A13671B5E5}.Release_Developer_x64|Win32.Build.0 = Release_Developer|Win32
		{65D56779-8B0C-9F4F-57C8-38A13671B5E5}.Release_Developer|Win32.ActiveCfg = Release_Developer|Win32
		{65D56779-8B0C-9F4F-57C8-38A13671B5E5}.Release_Developer|Win32.Build.0 = Release_Developer|Win32
		{65D56779-8B0C-9F4F-57C8-38A13671B5E5}.Release_x64|Win32.ActiveCfg = Release_Developer|Win32
		{65D56779-8B0C-9F4F-57C8-38A13671B5E5}.Release_x64|Win32.Build.0 = Release_Developer|Win32
		{65D56779-8B0C-9F4F-57C8-38A13671B5E5}.Release|Win32.ActiveCfg = Release|Win32
		{65D56779-8B0C-9F4F-57C8-38A13671B5E5}.Release|Win32.Build.0 = Release|Win32
		{E3834188-5E59-6029-10B7-001324885B61}.Debug_x64|Win32.ActiveCfg = Debug|Win32
		{E3834188-5E59-6029-10B7-001324885B61}.Debug_x64|Win32.Build.0 = Debug|Win32
		{E3834188-5E59-6029-10B7-001324885B61}.Debug|Win32.ActiveCfg = Debug|Win32
		{E3834188-5E59-6029-10B7-001324885B61}.Debug|Win32.Build.0 = Debug|Win32
		{E3834188-5E59-6029-10B7-001324885B61}.Release_Developer_x64|Win32.ActiveCfg = Release_Developer|Win32
		{E3834188-5E59-6029-10B7-001324885B61}.Release_Developer_x64|Win32.Build.0 = Release_Developer|Win32
		{E3834188-5E59-6029-10B7-001324885B61}.Release_Developer|Win32.ActiveCfg = Release_Developer|Win32
		{E3834188-5E59-6029-10B7-001324885B61}.Release_Developer|Win32.Build.0 = Release_Developer|Win32
		{E3834188-5E59-6029-10B7-001324885B61}.Release_x64|Win32.ActiveCfg = Release_Developer|Win32
		{E3834188-5E59-6029-10B7-001324885B61}.Release_x64|Win32.Build.0 = Release_Developer|Win32
		{E3834188-5E59-6029-10B7-001324885B61}.Release|Win32.ActiveCfg = Release|Win32
		{E3834188-5E59-6029-10B7-001324885B61}.Release|Win32.Build.0 = Release|Win32
		{D35C81CF-0FF9-0683-70B7-40B9761A2783}.Debug_x64|Win32.ActiveCfg = Debug|Win32
		{D35C81CF-0FF9-0683-70B7-40B9761A2783}.Debug_x64|Win32.Build.0 = Debug|Win32
		{D35C81CF-0FF9-0683-70B7-40B9761A2783}.Debug|Win32.ActiveCfg = Debug|Win32
		{D35C81CF-0FF9-0683-70B7-40B9761A2783}.Debug|Win32.Build.0 = Debug|Win32
		{D35C81CF-0FF9-0683-70B7-40B9761A2783}.Release_Developer_x64|Win32.ActiveCfg = Release_Developer|Win32
		{D35C81CF-0FF9-0683-70B7-40B9761A2783}.Release_Developer_x64|Win32.Build.0 = Release_Developer|Win32
		{D35C81CF-0FF9-0683-70B7-40B9761A2783}.Release_Developer|Win32.ActiveCfg = Release_Developer|Win32
		{D35C81CF-0FF9-0683-70B7-40B9761A2783}.Release_Developer|Win32.Build.0 = Release_Developer|Win32
		{D35C81CF-0FF9-0683-70B7-40B9761A2783}.Release_x64|Win32.ActiveCfg = Release_Developer|Win32
		{D35C81CF-0FF9-0683-70B7-40B9761A2783}.Release_x64|Win32.Build.0 = Release_Developer|Win32
		{D35C81CF-0FF9-0683-70B7-40B9761A2783}.Release|Win32.ActiveCfg = Release|Win32
		{D35C81CF-0FF9-0683-70B7-40B9761A2783}.Release|Win32.Build.0 = Release|Win32
		{4FCA04C5-E602-8C84-4529-30ACEE90369F}.Debug_x64|Win32.ActiveCfg = Debug|Win32
		{4FCA04C5-E602-8C84-4529-30ACEE90369F}.Debug_x64|Win32.Build.0 = Debug|Win32
		{4FCA04C5-E602-8C84-4529-30ACEE90369F}.Debug|Win32.ActiveCfg = Debug|Win32
		{4FCA04C5-E602-8C84-4529-30ACEE90369F}.Debug|Win32.Build.0 = Debug|Win32
		{4FCA04C5-E602-8C84-4529-30ACEE90369F}.Release_Developer_x64|Win32.ActiveCfg = Release_Developer|Win32
		{4FCA04C5-E602-8C84-4529-30ACEE90369F}.Release_Developer_x64|Win32.Build.0 = Release_Developer|Win32
		{4FCA04C5-E602-8C84-4529-30ACEE90369F}.Release_Developer|Win32.ActiveCfg = Release_Developer|Win32
		{4FCA04C5-E602-8C84-4529-30ACEE90369F}.Release_Developer|Win32.Build.0 = Release_Developer|Win32
		{4FCA04C5-E602-8C84-4529-30ACEE90369F}.Release_x64|Win32.ActiveCfg = Release_Developer|Win32
		{4FCA04C5-E602-8C84-4529-30ACEE90369F}.Release_x64|Win32.Build.0 = Release_Developer|Win32
		{4FCA04C5-E602-8C84-4529-30ACEE90369F}.Release|Win32.ActiveCfg = Release|Win32
		{4FCA04C5-E602-8C84-4529-30ACEE90369F}.Release|Win32.Build.0 = Release|Win32
		{14C5B93A-3F46-F713-7C3E-730FA1019C15}.Debug_x64|Win32.ActiveCfg = Debug|Win32
		{14C5B93A-3F46-F713-7C3E-730FA1019C15}.Debug_x64|Win32.Build.0 = Debug|Win32
		{14C5B93A-3F46-F713-7C3E-730FA1019C15}.Debug|Win32.ActiveCfg = Debug|Win32
		{14C5B93A-3F46-F713-7C3E-730FA1019C15}.Debug|Win32.Build.0 = Debug|Win32
		{14C5B93A-3F46-F713-7C3E-730FA1019C15}.Release_Developer_x64|Win32.ActiveCfg = Release_Developer|Win32
		{14C5B93A-3F46-F713-7C3E-730FA1019C15}.Release_Developer_x64|Win32.Build.0 = Release_Developer|Win32
		{14C5B93A-3F46-F713-7C3E-730FA1019C15}.Release_Developer|Win32.ActiveCfg = Release_Developer|Win32
		{14C5B93A-3F46-F713-7C3E-730FA1019C15}.Release_Developer|Win32.Build.0 = Release_Developer|Win32
		{14C5B93A-3F46-F713-7C3E-730FA1019C15}.Release_x64|Win32.ActiveCfg = Release_Developer|Win32
		{14C5B93A-3F46-F713-7C3E-730FA1019C15}.Release_x64|Win32.Build.0 = Release_Developer|Win32
		{14C5B93A-3F46-F713-7C3E-730FA1019C15}.Release|Win32.ActiveCfg = Release|Win32
		{14C5B93A-3F46-F713-7C3E-730FA1019C15}.Release|Win32.Build.0 = Release|Win32
		{438A23AC-5FA1-F065-52E3-BACABEB7A989}.Debug_x64|Win32.ActiveCfg = Debug|Win32
		{438A23AC-5FA1-F065-52E3-BACABEB7A989}.Debug_x64|Win32.Build.0 = Debug|Win32
		{438A23AC-5FA1-F065-52E3-BACABEB7A989}.Debug|Win32.ActiveCfg = Debug|Win32
		{438A23AC-5FA1-F065-52E3-BACABEB7A989}.Debug|Win32.Build.0 = Debug|Win32
		{438A23AC-5FA1-F065-52E3-BACABEB7A989}.Release_Developer_x64|Win32.ActiveCfg = Release_Developer|Win32
		{438A23AC-5FA1-F065-52E3-BACABEB7A989}.Release_Developer_x64|Win32.Build.0 = Release_Developer|Win32
		{438A23AC-5FA1-F065-52E3-BACABEB7A989}.Release_Developer|Win32.ActiveCfg = Release_Developer|Win32
		{438A23AC-5FA1-F065-52E3-BACABEB7A989}.Release_Developer|Win32.Build.0 = Release_Developer|Win32
		{438A23AC-5FA1-F065-52E3-BACABEB7A989}.Release_x64|Win32.ActiveCfg = Release_Developer|Win32
		{438A23AC-5FA1-F065-52E3-BACABEB7A989}.Release_x64|Win32.Build.0 = Release_Developer|Win32
		{438A23AC-5FA1-F065-52E3-BACABEB7A989}.Release|Win32.ActiveCfg = Release|Win32
		{438A23AC-5FA1-F065-52E3-BACABEB7A989}.Release|Win32.Build.0 = Release|Win32
		{BB05E5DA-2420-CBCC-BFF2-0E2FB348B616}.Debug_x64|Win32.ActiveCfg = Debug|Win32
		{BB05E5DA-2420-CBCC-BFF2-0E2FB348B616}.Debug_x64|Win32.Build.0 = Debug|Win32
		{BB05E5DA-2420-CBCC-BFF2-0E2FB348B616}.Debug|Win32.ActiveCfg = Debug|Win32
		{BB05E5DA-2420-CBCC-BFF2-0E2FB348B616}.Debug|Win32.Build.0 = Debug|Win32
		{BB05E5DA-2420-CBCC-BFF2-0E2FB348B616}.Release_Developer_x64|Win32.ActiveCfg = Release_Developer|Win32
		{BB05E5DA-2420-CBCC-BFF2-0E2FB348B616}.Release_Developer_x64|Win32.Build.0 = Release_Developer|Win32
		{BB05E5DA-2420-CBCC-BFF2-0E2FB348B616}.Release_Developer|Win32.ActiveCfg = Release_Developer|Win32
		{BB05E5DA-2420-CBCC-BFF2-0E2FB348B616}.Release_Developer|Win32.Build.0 = Release_Developer|Win32
		{BB05E5DA-2420-CBCC-BFF2-0E2FB348B616}.Release_x64|Win32.ActiveCfg = Release_Developer|Win32
		{BB05E5DA-2420-CBCC-BFF2-0E2FB348B616}.Release_x64|Win32.Build.0 = Release_Developer|Win32
		{BB05E5DA-2420-CBCC-BFF2-0E2FB348B616}.Release|Win32.ActiveCfg = Release|Win32
		{BB05E5DA-2420-CBCC-BFF2-0E2FB348B616}.Release|Win32.Build.0 = Release|Win32
		{16B65F3E-7393-42B7-FF02-0CE2C6F9FF2C}.Debug_x64|Win32.ActiveCfg = Debug|Win32
		{16B65F3E-7393-42B7-FF02-0CE2C6F9FF2C}.Debug_x64|Win32.Build.0 = Debug|Win32
		{16B65F3E-7393-42B7-FF02-0CE2C6F9FF2C}.Debug|Win32.ActiveCfg = Debug|Win32
		{16B65F3E-7393-42B7-FF02-0CE2C6F9FF2C}.Debug|Win32.Build.0 = Debug|Win32
		{16B65F3E-7393-42B7-FF02-0CE2C6F9FF2C}.Release_Developer_x64|Win32.ActiveCfg = Release_Developer|Win32
		{16B65F3E-7393-42B7-FF02-0CE2C6F9FF2C}.Release_Developer_x64|Win32.Build.0 = Release_Developer|Win32
		{16B65F3E-7393-42B7-FF02-0CE2C6F9FF2C}.Release_Developer|Win32.ActiveCfg = Release_Developer|Win32
		{16B65F3E-7393-42B7-FF02-0CE2C6F9FF2C}.Release_Developer|Win32.Build.0 = Release_Developer|Win32
		{16B65F3E-7393-42B7-FF02-0CE2C6F9FF2C}.Release_x64|Win32.ActiveCfg = Release_Developer|Win32
		{16B65F3E-7393-42B7-FF02-0CE2C6F9FF2C}.Release_x64|Win32.Build.0 = Release_Developer|Win32
		{16B65F3E-7393-42B7-FF02-0CE2C6F9FF2C}.Release|Win32.ActiveCfg = Release|Win32
		{16B65F3E-7393-42B7-FF02-0CE2C6F9FF2C}.Release|Win32.Build.0 = Release|Win32
		{2D3E8F7C-FE4F-A655-0F87-E5D47ECD917C}.Debug_x64|Win32.ActiveCfg = Debug|Win32
		{2D3E8F7C-FE4F-A655-0F87-E5D47ECD917C}.Debug_x64|Win32.Build.0 = Debug|Win32
		{2D3E8F7C-FE4F-A655-0F87-E5D47ECD917C}.Debug|Win32.ActiveCfg = Debug|Win32
		{2D3E8F7C-FE4F-A655-0F87-E5D47ECD917C}.Debug|Win32.Build.0 = Debug|Win32
		{2D3E8F7C-FE4F-A655-0F87-E5D47ECD917C}.Release_Developer_x64|Win32.ActiveCfg = Release_Developer|Win32
		{2D3E8F7C-FE4F-A655-0F87-E5D47ECD917C}.Release_Developer_x64|Win32.Build.0 = Release_Developer|Win32
		{2D3E8F7C-FE4F-A655-0F87-E5D47ECD917C}.Release_Developer|Win32.ActiveCfg = Release_Developer|Win32
		{2D3E8F7C-FE4F-A655-0F87-E5D47ECD917C}.Release_Developer|Win32.Build.0 = Release_Developer|Win32
		{2D3E8F7C-FE4F-A655-0F87-E5D47ECD917C}.Release_x64|Win32.ActiveCfg = Release_Developer|Win32
		{2D3E8F7C-FE4F-A655-0F87-E5D47ECD917C}.Release_x64|Win32.Build.0 = Release_Developer|Win32
		{2D3E8F7C-FE4F-A655-0F87-E5D47ECD917C}.Release|Win32.ActiveCfg = Release|Win32
		{2D3E8F7C-FE4F-A655-0F87-E5D47ECD917C}.Release|Win32.Build.0 = Release|Win32
		{201D20B7-BFD3-0C47-F8A2-49D36441543C}.Debug_x64|Win32.ActiveCfg = Debug|Win32
		{201D20B7-BFD3-0C47-F8A2-49D36441543C}.Debug_x64|Win32.Build.0 = Debug|Win32
		{201D20B7-BFD3-0C47-F8A2-49D36441543C}.Debug|Win32.ActiveCfg = Debug|Win32
		{201D20B7-BFD3-0C47-F8A2-49D36441543C}.Debug|Win32.Build.0 = Debug|Win32
		{201D20B7-BFD3-0C47-F8A2-49D36441543C}.Release_Developer_x64|Win32.ActiveCfg = Release_Developer|Win32
		{201D20B7-BFD3-0C47-F8A2-49D36441543C}.Release_Developer_x64|Win32.Build.0 = Release_Developer|Win32
		{201D20B7-BFD3-0C47-F8A2-49D36441543C}.Release_Developer|Win32.ActiveCfg = Release_Developer|Win32
		{201D20B7-BFD3-0C47-F8A2-49D36441543C}.Release_Developer|Win32.Build.0 = Release_Developer|Win32
		{201D20B7-BFD3-0C47-F8A2-49D36441543C}.Release_x64|Win32.ActiveCfg = Release_Developer|Win32
		{201D20B7-BFD3-0C47-F8A2-49D36441543C}.Release_x64|Win32.Build.0 = Release_Developer|Win32
		{201D20B7-BFD3-0C47-F8A2-49D36441543C}.Release|Win32.ActiveCfg = Release|Win32
		{201D20B7-BFD3-0C47-F8A2-49D36441543C}.Release|Win32.Build.0 = Release|Win32
		{59488891-45FB-EB76-067A-618F2932B6A3}.Debug_x64|Win32.ActiveCfg = Debug|Win32
		{59488891-45FB-EB76-067A-618F2932B6A3}.Debug_x64|Win32.Build.0 = Debug|Win32
		{59488891-45FB-EB76-067A-618F2932B6A3}.Debug|Win32.ActiveCfg = Debug|Win32
		{59488891-45FB-EB76-067A-618F2932B6A3}.Debug|Win32.Build.0 = Debug|Win32
		{59488891-45FB-EB76-067A-618F2932B6A3}.Release_Developer_x64|Win32.ActiveCfg = Release_Developer|Win32
		{59488891-45FB-EB76-067A-618F2932B6A3}.Release_Developer_x64|Win32.Build.0 = Release_Developer|Win32
		{59488891-45FB-EB76-067A-618F2932B6A3}.Release_Developer|Win32.ActiveCfg = Release_Developer|Win32
		{59488891-45FB-EB76-067A-618F2932B6A3}.Release_Developer|Win32.Build.0 = Release_Developer|Win32
		{59488891-45FB-EB76-067A-618F2932B6A3}.Release_x64|Win32.ActiveCfg = Release_Developer|Win32
		{59488891-45FB-EB76-067A-618F2932B6A3}.Release_x64|Win32.Build.0 = Release_Developer|Win32
		{59488891-45FB-EB76-067A-618F2932B6A3}.Release|Win32.ActiveCfg = Release|Win32
		{59488891-45FB-EB76-067A-618F2932B6A3}.Release|Win32.Build.0 = Release|Win32
		{B24C04BC-9391-5C53-FCE7-C453747F9378}.Debug_x64|Win32.ActiveCfg = Debug|Win32
		{B24C04BC-9391-5C53-FCE7-C453747F9378}.Debug_x64|Win32.Build.0 = Debug|Win32
		{B24C04BC-9391-5C53-FCE7-C453747F9378}.Debug|Win32.ActiveCfg = Debug|Win32
		{B24C04BC-9391-5C53-FCE7-C453747F9378}.Debug|Win32.Build.0 = Debug|Win32
		{B24C04BC-9391-5C53-FCE7-C453747F9378}.Release_Developer_x64|Win32.ActiveCfg = Release_Developer|Win32
		{B24C04BC-9391-5C53-FCE7-C453747F9378}.Release_Developer_x64|Win32.Build.0 = Release_Developer|Win32
		{B24C04BC-9391-5C53-FCE7-C453747F9378}.Release_Developer|Win32.ActiveCfg = Release_Developer|Win32
		{B24C04BC-9391-5C53-FCE7-C453747F9378}.Release_Developer|Win32.Build.0 = Release_Developer|Win32
		{B24C04BC-9391-5C53-FCE7-C453747F9378}.Release_x64|Win32.ActiveCfg = Release_Developer|Win32
		{B24C04BC-9391-5C53-FCE7-C453747F9378}.Release_x64|Win32.Build.0 = Release_Developer|Win32
		{B24C04BC-9391-5C53-FCE7-C453747F9378}.Release|Win32.ActiveCfg = Release|Win32
		{B24C04BC-9391-5C53-FCE7-C453747F9378}.Release|Win32.Build.0 = Release|Win32
		{8E9CC747-4F5A-0633-1CC5-87BBDD56399E}.Debug_x64|Win32.ActiveCfg = Debug|Win32
		{8E9CC747-4F5A-0633-1CC5-87BBDD56399E}.Debug_x64|Win32.Build.0 = Debug|Win32
		{8E9CC747-4F5A-0633-1CC5-87BBDD56399E}.Debug|Win32.ActiveCfg = Debug|Win32
		{8E9CC747-4F5A-0633-1CC5-87BBDD56399E}.Debug|Win32.Build.0 = Debug|Win32
		{8E9CC747-4F5A-0633-1CC5-87BBDD56399E}.Release_Developer_x64|Win32.ActiveCfg = Release_Developer|Win32
		{8E9CC747-4F5A-0633-1CC5-87BBDD56399E}.Release_Developer_x64|Win32.Build.0 = Release_Developer|Win32
		{8E9CC747-4F5A-0633-1CC5-87BBDD56399E}.Release_Developer|Win32.ActiveCfg = Release_Developer|Win32
		{8E9CC747-4F5A-0633-1CC5-87BBDD56399E}.Release_Developer|Win32.Build.0 = Release_Developer|Win32
		{8E9CC747-4F5A-0633-1CC5-87BBDD56399E}.Release_x64|Win32.ActiveCfg = Release_Developer|Win32
		{8E9CC747-4F5A-0633-1CC5-87BBDD56399E}.Release_x64|Win32.Build.0 = Release_Developer|Win32
		{8E9CC747-4F5A-0633-1CC5-87BBDD56399E}.Release|Win32.ActiveCfg = Release|Win32
		{8E9CC747-4F5A-0633-1CC5-87BBDD56399E}.Release|Win32.Build.0 = Release|Win32
		{3C5FAA92-E19B-0F59-4B42-4DE46C142EE0}.Debug_x64|Win32.ActiveCfg = Debug|Win32
		{3C5FAA92-E19B-0F59-4B42-4DE46C142EE0}.Debug_x64|Win32.Build.0 = Debug|Win32
		{3C5FAA92-E19B-0F59-4B42-4DE46C142EE0}.Debug|Win32.ActiveCfg = Debug|Win32
		{3C5FAA92-E19B-0F59-4B42-4DE46C142EE0}.Debug|Win32.Build.0 = Debug|Win32
		{3C5FAA92-E19B-0F59-4B42-4DE46C142EE0}.Release_Developer_x64|Win32.ActiveCfg = Release_Developer|Win32
		{3C5FAA92-E19B-0F59-4B42-4DE46C142EE0}.Release_Developer_x64|Win32.Build.0 = Release_Developer|Win32
		{3C5FAA92-E19B-0F59-4B42-4DE46C142EE0}.Release_Developer|Win32.ActiveCfg = Release_Developer|Win32
		{3C5FAA92-E19B-0F59-4B42-4DE46C142EE0}.Release_Developer|Win32.Build.0 = Release_Developer|Win32
		{3C5FAA92-E19B-0F59-4B42-4DE46C142EE0}.Release_x64|Win32.ActiveCfg = Release_Developer|Win32
		{3C5FAA92-E19B-0F59-4B42-4DE46C142EE0}.Release_x64|Win32.Build.0 = Release_Developer|Win32
		{3C5FAA92-E19B-0F59-4B42-4DE46C142EE0}.Release|Win32.ActiveCfg = Release|Win32
		{3C5FAA92-E19B-0F59-4B42-4DE46C142EE0}.Release|Win32.Build.0 = Release|Win32
		{F635F977-A2A6-0142-5C1B-2499A8F85BF6}.Debug_x64|Win32.ActiveCfg = Debug|Win32
		{F635F977-A2A6-0142-5C1B-2499A8F85BF6}.Debug_x64|Win32.Build.0 = Debug|Win32
		{F635F977-A2A6-0142-5C1B-2499A8F85BF6}.Debug|Win32.ActiveCfg = Debug|Win32
		{F635F977-A2A6-0142-5C1B-2499A8F85BF6}.Debug|Win32.Build.0 = Debug|Win32
		{F635F977-A2A6-0142-5C1B-2499A8F85BF6}.Release_Developer_x64|Win32.ActiveCfg = Release_Developer|Win32
		{F635F977-A2A6-0142-5C1B-2499A8F85BF6}.Release_Developer_x64|Win32.Build.0 = Release_Developer|Win32
		{F635F977-A2A6-0142-5C1B-2499A8F85BF6}.Release_Developer|Win32.ActiveCfg = Release_Developer|Win32
		{F635F977-A2A6-0142-5C1B-2499A8F85BF6}.Release_Developer|Win32.Build.0 = Release_Developer|Win32
		{F635F977-A2A6-0142-5C1B-2499A8F85BF6}.Release_x64|Win32.ActiveCfg = Release_Developer|Win32
		{F635F977-A2A6-0142-5C1B-2499A8F85BF6}.Release_x64|Win32.Build.0 = Release_Developer|Win32
		{F635F977-A2A6-0142-5C1B-2499A8F85BF6}.Release|Win32.ActiveCfg = Release|Win32
		{F635F977-A2A6-0142-5C1B-2499A8F85BF6}.Release|Win32.Build.0 = Release|Win32
		{F54D683C-2D19-21ED-4AD1-C7D4924A5A4D}.Debug_x64|Win32.ActiveCfg = Debug|Win32
		{F54D683C-2D19-21ED-4AD1-C7D4924A5A4D}.Debug_x64|Win32.Build.0 = Debug|Win32
		{F54D683C-2D19-21ED-4AD1-C7D4924A5A4D}.Debug|Win32.ActiveCfg = Debug|Win32
		{F54D683C-2D19-21ED-4AD1-C7D4924A5A4D}.Debug|Win32.Build.0 = Debug|Win32
		{F54D683C-2D19-21ED-4AD1-C7D4924A5A4D}.Release_Developer_x64|Win32.ActiveCfg = Release_Developer|Win32
		{F54D683C-2D19-21ED-4AD1-C7D4924A5A4D}.Release_Developer_x64|Win32.Build.0 = Release_Developer|Win32
		{F54D683C-2D19-21ED-4AD1-C7D4924A5A4D}.Release_Developer|Win32.ActiveCfg = Release_Developer|Win32
		{F54D683C-2D19-21ED-4AD1-C7D4924A5A4D}.Release_Developer|Win32.Build.0 = Release_Developer|Win32
		{F54D683C-2D19-21ED-4AD1-C7D4924A5A4D}.Release_x64|Win32.ActiveCfg = Release_Developer|Win32
		{F54D683C-2D19-21ED-4AD1-C7D4924A5A4D}.Release_x64|Win32.Build.0 = Release_Developer|Win32
		{F54D683C-2D19-21ED-4AD1-C7D4924A5A4D}.Release|Win32.ActiveCfg = Release|Win32
		{F54D683C-2D19-21ED-4AD1-C7D4924A5A4D}.Release|Win32.Build.0 = Release|Win32
		{E6C7FF5F-F2B4-4353-B45E-77CD72D12BFE}.Debug_x64|Win32.ActiveCfg = Debug|Win32
		{E6C7FF5F-F2B4-4353-B45E-77CD72D12BFE}.Debug_x64|Win32.Build.0 = Debug|Win32
		{E6C7FF5F-F2B4-4353-B45E-77CD72D12BFE}.Debug|Win32.ActiveCfg = Debug|Win32
		{E6C7FF5F-F2B4-4353-B45E-77CD72D12BFE}.Debug|Win32.Build.0 = Debug|Win32
		{E6C7FF5F-F2B4-4353-B45E-77CD72D12BFE}.Release_Developer_x64|Win32.ActiveCfg = Release_Developer|Win32
		{E6C7FF5F-F2B4-4353-B45E-77CD72D12BFE}.Release_Developer_x64|Win32.Build.0 = Release_Developer|Win32
		{E6C7FF5F-F2B4-4353-B45E-77CD72D12BFE}.Release_Developer|Win32.ActiveCfg = Release_Developer|Win32
		{E6C7FF5F-F2B4-4353-B45E-77CD72D12BFE}.Release_Developer|Win32.Build.0 = Release_Developer|Win32
		{E6C7FF5F-F2B4-4353-B45E-77CD72D12BFE}.Release_x64|Win32.ActiveCfg = Release_Developer|Win32
		{E6C7FF5F-F2B4-4353-B45E-77CD72D12BFE}.Release_x64|Win32.Build.0 = Release_Developer|Win32
		{E6C7FF5F-F2B4-4353-B45E-77CD72D12BFE}.Release|Win32.ActiveCfg = Release|Win32
		{E6C7FF5F-F2B4-4353-B45E-77CD72D12BFE}.Release|Win32.Build.0 = Release|Win32
		{6C6DCCA0-19E5-1BAD-B714-6EF0AF8D54F1}.Debug_x64|Win32.ActiveCfg = Debug|Win32
		{6C6DCCA0-19E5-1BAD-B714-6EF0AF8D54F1}.Debug_x64|Win32.Build.0 = Debug|Win32
		{6C6DCCA0-19E5-1BAD-B714-6EF0AF8D54F1}.Debug|Win32.ActiveCfg = Debug|Win32
		{6C6DCCA0-19E5-1BAD-B714-6EF0AF8D54F1}.Debug|Win32.Build.0 = Debug|Win32
		{6C6DCCA0-19E5-1BAD-B714-6EF0AF8D54F1}.Release_Developer_x64|Win32.ActiveCfg = Release_Developer|Win32
		{6C6DCCA0-19E5-1BAD-B714-6EF0AF8D54F1}.Release_Developer_x64|Win32.Build.0 = Release_Developer|Win32
		{6C6DCCA0-19E5-1BAD-B714-6EF0AF8D54F1}.Release_Developer|Win32.ActiveCfg = Release_Developer|Win32
		{6C6DCCA0-19E5-1BAD-B714-6EF0AF8D54F1}.Release_Developer|Win32.Build.0 = Release_Developer|Win32
		{6C6DCCA0-19E5-1BAD-B714-6EF0AF8D54F1}.Release_x64|Win32.ActiveCfg = Release_Developer|Win32
		{6C6DCCA0-19E5-1BAD-B714-6EF0AF8D54F1}.Release_x64|Win32.Build.0 = Release_Developer|Win32
		{6C6DCCA0-19E5-1BAD-B714-6EF0AF8D54F1}.Release|Win32.ActiveCfg = Release|Win32
		{6C6DCCA0-19E5-1BAD-B714-6EF0AF8D54F1}.Release|Win32.Build.0 = Release|Win32
		{A766B00C-0D4E-6CEC-6AB8-96364FB014CA}.Debug_x64|Win32.ActiveCfg = Debug|Win32
		{A766B00C-0D4E-6CEC-6AB8-96364FB014CA}.Debug_x64|Win32.Build.0 = Debug|Win32
		{A766B00C-0D4E-6CEC-6AB8-96364FB014CA}.Debug|Win32.ActiveCfg = Debug|Win32
		{A766B00C-0D4E-6CEC-6AB8-96364FB014CA}.Debug|Win32.Build.0 = Debug|Win32
		{A766B00C-0D4E-6CEC-6AB8-96364FB014CA}.Release_Developer_x64|Win32.ActiveCfg = Release_Developer|Win32
		{A766B00C-0D4E-6CEC-6AB8-96364FB014CA}.Release_Developer_x64|Win32.Build.0 = Release_Developer|Win32
		{A766B00C-0D4E-6CEC-6AB8-96364FB014CA}.Release_Developer|Win32.ActiveCfg = Release_Developer|Win32
		{A766B00C-0D4E-6CEC-6AB8-96364FB014CA}.Release_Developer|Win32.Build.0 = Release_Developer|Win32
		{A766B00C-0D4E-6CEC-6AB8-96364FB014CA}.Release_x64|Win32.ActiveCfg = Release_Developer|Win32
		{A766B00C-0D4E-6CEC-6AB8-96364FB014CA}.Release_x64|Win32.Build.0 = Release_Developer|Win32
		{A766B00C-0D4E-6CEC-6AB8-96364FB014CA}.Release|Win32.ActiveCfg = Release|Win32
		{A766B00C-0D4E-6CEC-6AB8-96364FB014CA}.Release|Win32.Build.0 = Release|Win32
		{24BB954A-C20F-2F0D-56CB-DA09C4C25845}.Debug_x64|Win32.ActiveCfg = Debug|Win32
		{24BB954A-C20F-2F0D-56CB-DA09C4C25845}.Debug_x64|Win32.Build.0 = Debug|Win32
		{24BB954A-C20F-2F0D-56CB-DA09C4C25845}.Debug|Win32.ActiveCfg = Debug|Win32
		{24BB954A-C20F-2F0D-56CB-DA09C4C25845}.Debug|Win32.Build.0 = Debug|Win32
		{24BB954A-C20F-2F0D-56CB-DA09C4C25845}.Release_Developer_x64|Win32.ActiveCfg = Release_Developer|Win32
		{24BB954A-C20F-2F0D-56CB-DA09C4C25845}.Release_Developer_x64|Win32.Build.0 = Release_Developer|Win32
		{24BB954A-C20F-2F0D-56CB-DA09C4C25845}.Release_Developer|Win32.ActiveCfg = Release_Developer|Win32
		{24BB954A-C20F-2F0D-56CB-DA09C4C25845}.Release_Developer|Win32.Build.0 = Release_Developer|Win32
		{24BB954A-C20F-2F0D-56CB-DA09C4C25845}.Release_x64|Win32.ActiveCfg = Release_Developer|Win32
		{24BB954A-C20F-2F0D-56CB-DA09C4C25845}.Release_x64|Win32.Build.0 = Release_Developer|Win32
		{24BB954A-C20F-2F0D-56CB-DA09C4C25845}.Release|Win32.ActiveCfg = Release|Win32
		{24BB954A-C20F-2F0D-56CB-DA09C4C25845}.Release|Win32.Build.0 = Release|Win32
		{C850F3D6-AACC-58AA-DC5A-0F6D457AF22C}.Debug_x64|Win32.ActiveCfg = Debug|Win32
		{C850F3D6-AACC-58AA-DC5A-0F6D457AF22C}.Debug_x64|Win32.Build.0 = Debug|Win32
		{C850F3D6-AACC-58AA-DC5A-0F6D457AF22C}.Debug|Win32.ActiveCfg = Debug|Win32
		{C850F3D6-AACC-58AA-DC5A-0F6D457AF22C}.Debug|Win32.Build.0 = Debug|Win32
		{C850F3D6-AACC-58AA-DC5A-0F6D457AF22C}.Release_Developer_x64|Win32.ActiveCfg = Release_Developer|Win32
		{C850F3D6-AACC-58AA-DC5A-0F6D457AF22C}.Release_Developer_x64|Win32.Build.0 = Release_Developer|Win32
		{C850F3D6-AACC-58AA-DC5A-0F6D457AF22C}.Release_Developer|Win32.ActiveCfg = Release_Developer|Win32
		{C850F3D6-AACC-58AA-DC5A-0F6D457AF22C}.Release_Developer|Win32.Build.0 = Release_Developer|Win32
		{C850F3D6-AACC-58AA-DC5A-0F6D457AF22C}.Release_x64|Win32.ActiveCfg = Release_Developer|Win32
		{C850F3D6-AACC-58AA-DC5A-0F6D457AF22C}.Release_x64|Win32.Build.0 = Release_Developer|Win32
		{C850F3D6-AACC-58AA-DC5A-0F6D457AF22C}.Release|Win32.ActiveCfg = Release|Win32
		{C850F3D6-AACC-58AA-DC5A-0F6D457AF22C}.Release|Win32.Build.0 = Release|Win32
		{E80DD4E7-8BDA-DDDF-8BE7-FC20ED41F41D}.Debug_x64|Win32.ActiveCfg = Debug|Win32
		{E80DD4E7-8BDA-DDDF-8BE7-FC20ED41F41D}.Debug_x64|Win32.Build.0 = Debug|Win32
		{E80DD4E7-8BDA-DDDF-8BE7-FC20ED41F41D}.Debug|Win32.ActiveCfg = Debug|Win32
		{E80DD4E7-8BDA-DDDF-8BE7-FC20ED41F41D}.Debug|Win32.Build.0 = Debug|Win32
		{E80DD4E7-8BDA-DDDF-8BE7-FC20ED41F41D}.Release_Developer_x64|Win32.ActiveCfg = Release_Developer|Win32
		{E80DD4E7-8BDA-DDDF-8BE7-FC20ED41F41D}.Release_Developer_x64|Win32.Build.0 = Release_Developer|Win32
		{E80DD4E7-8BDA-DDDF-8BE7-FC20ED41F41D}.Release_Developer|Win32.ActiveCfg = Release_Developer|Win32
		{E80DD4E7-8BDA-DDDF-8BE7-FC20ED41F41D}.Release_Developer|Win32.Build.0 = Release_Developer|Win32
		{E80DD4E7-8BDA-DDDF-8BE7-FC20ED41F41D}.Release_x64|Win32.ActiveCfg = Release_Developer|Win32
		{E80DD4E7-8BDA-DDDF-8BE7-FC20ED41F41D}.Release_x64|Win32.Build.0 = Release_Developer|Win32
		{E80DD4E7-8BDA-DDDF-8BE7-FC20ED41F41D}.Release|Win32.ActiveCfg = Release|Win32
		{E80DD4E7-8BDA-DDDF-8BE7-FC20ED41F41D}.Release|Win32.Build.0 = Release|Win32
		{8EC63885-3FEE-0904-44D5-AE84CAB80D74}.Debug_x64|Win32.ActiveCfg = Debug|Win32
		{8EC63885-3FEE-0904-44D5-AE84CAB80D74}.Debug_x64|Win32.Build.0 = Debug|Win32
		{8EC63885-3FEE-0904-44D5-AE84CAB80D74}.Debug|Win32.ActiveCfg = Debug|Win32
		{8EC63885-3FEE-0904-44D5-AE84CAB80D74}.Debug|Win32.Build.0 = Debug|Win32
		{8EC63885-3FEE-0904-44D5-AE84CAB80D74}.Release_Developer_x64|Win32.ActiveCfg = Release_Developer|Win32
		{8EC63885-3FEE-0904-44D5-AE84CAB80D74}.Release_Developer_x64|Win32.Build.0 = Release_Developer|Win32
		{8EC63885-3FEE-0904-44D5-AE84CAB80D74}.Release_Developer|Win32.ActiveCfg = Release_Developer|Win32
		{8EC63885-3FEE-0904-44D5-AE84CAB80D74}.Release_Developer|Win32.Build.0 = Release_Developer|Win32
		{8EC63885-3FEE-0904-44D5-AE84CAB80D74}.Release_x64|Win32.ActiveCfg = Release_Developer|Win32
		{8EC63885-3FEE-0904-44D5-AE84CAB80D74}.Release_x64|Win32.Build.0 = Release_Developer|Win32
		{8EC63885-3FEE-0904-44D5-AE84CAB80D74}.Release|Win32.ActiveCfg = Release|Win32
		{8EC63885-3FEE-0904-44D5-AE84CAB80D74}.Release|Win32.Build.0 = Release|Win32
		{EF62BE51-3AD7-5A76-BFCD-49E296333B5E}.Debug_x64|Win32.ActiveCfg = Debug|Win32
		{EF62BE51-3AD7-5A76-BFCD-49E296333B5E}.Debug_x64|Win32.Build.0 = Debug|Win32
		{EF62BE51-3AD7-5A76-BFCD-49E296333B5E}.Debug|Win32.ActiveCfg = Debug|Win32
		{EF62BE51-3AD7-5A76-BFCD-49E296333B5E}.Debug|Win32.Build.0 = Debug|Win32
		{EF62BE51-3AD7-5A76-BFCD-49E296333B5E}.Release_Developer_x64|Win32.ActiveCfg = Release_Developer|Win32
		{EF62BE51-3AD7-5A76-BFCD-49E296333B5E}.Release_Developer_x64|Win32.Build.0 = Release_Developer|Win32
		{EF62BE51-3AD7-5A76-BFCD-49E296333B5E}.Release_Developer|Win32.ActiveCfg = Release_Developer|Win32
		{EF62BE51-3AD7-5A76-BFCD-49E296333B5E}.Release_Developer|Win32.Build.0 = Release_Developer|Win32
		{EF62BE51-3AD7-5A76-BFCD-49E296333B5E}.Release_x64|Win32.ActiveCfg = Release_Developer|Win32
		{EF62BE51-3AD7-5A76-BFCD-49E296333B5E}.Release_x64|Win32.Build.0 = Release_Developer|Win32
		{EF62BE51-3AD7-5A76-BFCD-49E296333B5E}.Release|Win32.ActiveCfg = Release|Win32
		{EF62BE51-3AD7-5A76-BFCD-49E296333B5E}.Release|Win32.Build.0 = Release|Win32
		{671CC131-4874-3884-DD12-F3D7F062DD20}.Debug_x64|Win32.ActiveCfg = Debug|Win32
		{671CC131-4874-3884-DD12-F3D7F062DD20}.Debug_x64|Win32.Build.0 = Debug|Win32
		{671CC131-4874-3884-DD12-F3D7F062DD20}.Debug|Win32.ActiveCfg = Debug|Win32
		{671CC131-4874-3884-DD12-F3D7F062DD20}.Debug|Win32.Build.0 = Debug|Win32
		{671CC131-4874-3884-DD12-F3D7F062DD20}.Release_Developer_x64|Win32.ActiveCfg = Release_Developer|Win32
		{671CC131-4874-3884-DD12-F3D7F062DD20}.Release_Developer_x64|Win32.Build.0 = Release_Developer|Win32
		{671CC131-4874-3884-DD12-F3D7F062DD20}.Release_Developer|Win32.ActiveCfg = Release_Developer|Win32
		{671CC131-4874-3884-DD12-F3D7F062DD20}.Release_Developer|Win32.Build.0 = Release_Developer|Win32
		{671CC131-4874-3884-DD12-F3D7F062DD20}.Release_x64|Win32.ActiveCfg = Release_Developer|Win32
		{671CC131-4874-3884-DD12-F3D7F062DD20}.Release_x64|Win32.Build.0 = Release_Developer|Win32
		{671CC131-4874-3884-DD12-F3D7F062DD20}.Release|Win32.ActiveCfg = Release|Win32
		{671CC131-4874-3884-DD12-F3D7F062DD20}.Release|Win32.Build.0 = Release|Win32
		{AA8BB20A-BFB7-C0B2-DC4A-0A33E6D86E70}.Debug_x64|Win32.ActiveCfg = Debug|Win32
		{AA8BB20A-BFB7-C0B2-DC4A-0A33E6D86E70}.Debug_x64|Win32.Build.0 = Debug|Win32
		{AA8BB20A-BFB7-C0B2-DC4A-0A33E6D86E70}.Debug|Win32.ActiveCfg = Debug|Win32
		{AA8BB20A-BFB7-C0B2-DC4A-0A33E6D86E70}.Debug|Win32.Build.0 = Debug|Win32
		{AA8BB20A-BFB7-C0B2-DC4A-0A33E6D86E70}.Release_Developer_x64|Win32.ActiveCfg = Release_Developer|Win32
		{AA8BB20A-BFB7-C0B2-DC4A-0A33E6D86E70}.Release_Developer_x64|Win32.Build.0 = Release_Developer|Win32
		{AA8BB20A-BFB7-C0B2-DC4A-0A33E6D86E70}.Release_Developer|Win32.ActiveCfg = Release_Developer|Win32
		{AA8BB20A-BFB7-C0B2-DC4A-0A33E6D86E70}.Release_Developer|Win32.Build.0 = Release_Developer|Win32
		{AA8BB20A-BFB7-C0B2-DC4A-0A33E6D86E70}.Release_x64|Win32.ActiveCfg = Release_Developer|Win32
		{AA8BB20A-BFB7-C0B2-DC4A-0A33E6D86E70}.Release_x64|Win32.Build.0 = Release_Developer|Win32
		{AA8BB20A-BFB7-C0B2-DC4A-0A33E6D86E70}.Release|Win32.ActiveCfg = Release|Win32
		{AA8BB20A-BFB7-C0B2-DC4A-0A33E6D86E70}.Release|Win32.Build.0 = Release|Win32
		{A9226F3A-4111-9BF3-940F-4627B3F4648C}.Debug_x64|Win32.ActiveCfg = Debug|Win32
		{A9226F3A-4111-9BF3-940F-4627B3F4648C}.Debug_x64|Win32.Build.0 = Debug|Win32
		{A9226F3A-4111-9BF3-940F-4627B3F4648C}.Debug|Win32.ActiveCfg = Debug|Win32
		{A9226F3A-4111-9BF3-940F-4627B3F4648C}.Debug|Win32.Build.0 = Debug|Win32
		{A9226F3A-4111-9BF3-940F-4627B3F4648C}.Release_Developer_x64|Win32.ActiveCfg = Release_Developer|Win32
		{A9226F3A-4111-9BF3-940F-4627B3F4648C}.Release_Developer_x64|Win32.Build.0 = Release_Developer|Win32
		{A9226F3A-4111-9BF3-940F-4627B3F4648C}.Release_Developer|Win32.ActiveCfg = Release_Developer|Win32
		{A9226F3A-4111-9BF3-940F-4627B3F4648C}.Release_Developer|Win32.Build.0 = Release_Developer|Win32
		{A9226F3A-4111-9BF3-940F-4627B3F4648C}.Release_x64|Win32.ActiveCfg = Release_Developer|Win32
		{A9226F3A-4111-9BF3-940F-4627B3F4648C}.Release_x64|Win32.Build.0 = Release_Developer|Win32
		{A9226F3A-4111-9BF3-940F-4627B3F4648C}.Release|Win32.ActiveCfg = Release|Win32
		{A9226F3A-4111-9BF3-940F-4627B3F4648C}.Release|Win32.Build.0 = Release|Win32
		{02662B02-5C97-92EA-9792-10AF0378DE47}.Debug_x64|Win32.ActiveCfg = Debug|Win32
		{02662B02-5C97-92EA-9792-10AF0378DE47}.Debug_x64|Win32.Build.0 = Debug|Win32
		{02662B02-5C97-92EA-9792-10AF0378DE47}.Debug|Win32.ActiveCfg = Debug|Win32
		{02662B02-5C97-92EA-9792-10AF0378DE47}.Debug|Win32.Build.0 = Debug|Win32
		{02662B02-5C97-92EA-9792-10AF0378DE47}.Release_Developer_x64|Win32.ActiveCfg = Release_Developer|Win32
		{02662B02-5C97-92EA-9792-10AF0378DE47}.Release_Developer_x64|Win32.Build.0 = Release_Developer|Win32
		{02662B02-5C97-92EA-9792-10AF0378DE47}.Release_Developer|Win32.ActiveCfg = Release_Developer|Win32
		{02662B02-5C97-92EA-9792-10AF0378DE47}.Release_Developer|Win32.Build.0 = Release_Developer|Win32
		{02662B02-5C97-92EA-9792-10AF0378DE47}.Release_x64|Win32.ActiveCfg = Release_Developer|Win32
		{02662B02-5C97-92EA-9792-10AF0378DE47}.Release_x64|Win32.Build.0 = Release_Developer|Win32
		{02662B02-5C97-92EA-9792-10AF0378DE47}.Release|Win32.ActiveCfg = Release|Win32
		{02662B02-5C97-92EA-9792-10AF0378DE47}.Release|Win32.Build.0 = Release|Win32
		{C3E8368B-CB6C-E4BE-1D08-B4A7CBCF9420}.Debug_x64|Win32.ActiveCfg = Debug|Win32
		{C3E8368B-CB6C-E4BE-1D08-B4A7CBCF9420}.Debug_x64|Win32.Build.0 = Debug|Win32
		{C3E8368B-CB6C-E4BE-1D08-B4A7CBCF9420}.Debug|Win32.ActiveCfg = Debug|Win32
		{C3E8368B-CB6C-E4BE-1D08-B4A7CBCF9420}.Debug|Win32.Build.0 = Debug|Win32
		{C3E8368B-CB6C-E4BE-1D08-B4A7CBCF9420}.Release_Developer_x64|Win32.ActiveCfg = Release_Developer|Win32
		{C3E8368B-CB6C-E4BE-1D08-B4A7CBCF9420}.Release_Developer_x64|Win32.Build.0 = Release_Developer|Win32
		{C3E8368B-CB6C-E4BE-1D08-B4A7CBCF9420}.Release_Developer|Win32.ActiveCfg = Release_Developer|Win32
		{C3E8368B-CB6C-E4BE-1D08-B4A7CBCF9420}.Release_Developer|Win32.Build.0 = Release_Developer|Win32
		{C3E8368B-CB6C-E4BE-1D08-B4A7CBCF9420}.Release_x64|Win32.ActiveCfg = Release_Developer|Win32
		{C3E8368B-CB6C-E4BE-1D08-B4A7CBCF9420}.Release_x64|Win32.Build.0 = Release_Developer|Win32
		{C3E8368B-CB6C-E4BE-1D08-B4A7CBCF9420}.Release|Win32.ActiveCfg = Release|Win32
		{C3E8368B-CB6C-E4BE-1D08-B4A7CBCF9420}.Release|Win32.Build.0 = Release|Win32
		{B80C6A94-785E-650D-D3CD-C5C5237A3BE2}.Debug_x64|Win32.ActiveCfg = Debug|Win32
		{B80C6A94-785E-650D-D3CD-C5C5237A3BE2}.Debug_x64|Win32.Build.0 = Debug|Win32
		{B80C6A94-785E-650D-D3CD-C5C5237A3BE2}.Debug|Win32.ActiveCfg = Debug|Win32
		{B80C6A94-785E-650D-D3CD-C5C5237A3BE2}.Debug|Win32.Build.0 = Debug|Win32
		{B80C6A94-785E-650D-D3CD-C5C5237A3BE2}.Release_Developer_x64|Win32.ActiveCfg = Release_Developer|Win32
		{B80C6A94-785E-650D-D3CD-C5C5237A3BE2}.Release_Developer_x64|Win32.Build.0 = Release_Developer|Win32
		{B80C6A94-785E-650D-D3CD-C5C5237A3BE2}.Release_Developer|Win32.ActiveCfg = Release_Developer|Win32
		{B80C6A94-785E-650D-D3CD-C5C5237A3BE2}.Release_Developer|Win32.Build.0 = Release_Developer|Win32
		{B80C6A94-785E-650D-D3CD-C5C5237A3BE2}.Release_x64|Win32.ActiveCfg = Release_Developer|Win32
		{B80C6A94-785E-650D-D3CD-C5C5237A3BE2}.Release_x64|Win32.Build.0 = Release_Developer|Win32
		{B80C6A94-785E-650D-D3CD-C5C5237A3BE2}.Release|Win32.ActiveCfg = Release|Win32
		{B80C6A94-785E-650D-D3CD-C5C5237A3BE2}.Release|Win32.Build.0 = Release|Win32
		{72B7E323-8609-9201-D7E0-EA5DFDEFCA10}.Debug_x64|Win32.ActiveCfg = Debug|Win32
		{72B7E323-8609-9201-D7E0-EA5DFDEFCA10}.Debug_x64|Win32.Build.0 = Debug|Win32
		{72B7E323-8609-9201-D7E0-EA5DFDEFCA10}.Debug|Win32.ActiveCfg = Debug|Win32
		{72B7E323-8609-9201-D7E0-EA5DFDEFCA10}.Debug|Win32.Build.0 = Debug|Win32
		{72B7E323-8609-9201-D7E0-EA5DFDEFCA10}.Release_Developer_x64|Win32.ActiveCfg = Release_Developer|Win32
		{72B7E323-8609-9201-D7E0-EA5DFDEFCA10}.Release_Developer_x64|Win32.Build.0 = Release_Developer|Win32
		{72B7E323-8609-9201-D7E0-EA5DFDEFCA10}.Release_Developer|Win32.ActiveCfg = Release_Developer|Win32
		{72B7E323-8609-9201-D7E0-EA5DFDEFCA10}.Release_Developer|Win32.Build.0 = Release_Developer|Win32
		{72B7E323-8609-9201-D7E0-EA5DFDEFCA10}.Release_x64|Win32.ActiveCfg = Release_Developer|Win32
		{72B7E323-8609-9201-D7E0-EA5DFDEFCA10}.Release_x64|Win32.Build.0 = Release_Developer|Win32
		{72B7E323-8609-9201-D7E0-EA5DFDEFCA10}.Release|Win32.ActiveCfg = Release|Win32
		{72B7E323-8609-9201-D7E0-EA5DFDEFCA10}.Release|Win32.Build.0 = Release|Win32
		{C339C1C4-80AD-4576-7D6B-6BD5D6E2EA68}.Debug_x64|Win32.ActiveCfg = Debug|Win32
		{C339C1C4-80AD-4576-7D6B-6BD5D6E2EA68}.Debug_x64|Win32.Build.0 = Debug|Win32
		{C339C1C4-80AD-4576-7D6B-6BD5D6E2EA68}.Debug|Win32.ActiveCfg = Debug|Win32
		{C339C1C4-80AD-4576-7D6B-6BD5D6E2EA68}.Debug|Win32.Build.0 = Debug|Win32
		{C339C1C4-80AD-4576-7D6B-6BD5D6E2EA68}.Release_Developer_x64|Win32.ActiveCfg = Release_Developer|Win32
		{C339C1C4-80AD-4576-7D6B-6BD5D6E2EA68}.Release_Developer_x64|Win32.Build.0 = Release_Developer|Win32
		{C339C1C4-80AD-4576-7D6B-6BD5D6E2EA68}.Release_Developer|Win32.ActiveCfg = Release_Developer|Win32
		{C339C1C4-80AD-4576-7D6B-6BD5D6E2EA68}.Release_Developer|Win32.Build.0 = Release_Developer|Win32
		{C339C1C4-80AD-4576-7D6B-6BD5D6E2EA68}.Release_x64|Win32.ActiveCfg = Release_Developer|Win32
		{C339C1C4-80AD-4576-7D6B-6BD5D6E2EA68}.Release_x64|Win32.Build.0 = Release_Developer|Win32
		{C339C1C4-80AD-4576-7D6B-6BD5D6E2EA68}.Release|Win32.ActiveCfg = Release|Win32
		{C339C1C4-80AD-4576-7D6B-6BD5D6E2EA68}.Release|Win32.Build.0 = Release|Win32
		{35CC70F1-585F-55F5-7169-521DA34AFCCA}.Debug_x64|Win32.ActiveCfg = Debug|Win32
		{35CC70F1-585F-55F5-7169-521DA34AFCCA}.Debug_x64|Win32.Build.0 = Debug|Win32
		{35CC70F1-585F-55F5-7169-521DA34AFCCA}.Debug|Win32.ActiveCfg = Debug|Win32
		{35CC70F1-585F-55F5-7169-521DA34AFCCA}.Debug|Win32.Build.0 = Debug|Win32
		{35CC70F1-585F-55F5-7169-521DA34AFCCA}.Release_Developer_x64|Win32.ActiveCfg = Release_Developer|Win32
		{35CC70F1-585F-55F5-7169-521DA34AFCCA}.Release_Developer_x64|Win32.Build.0 = Release_Developer|Win32
		{35CC70F1-585F-55F5-7169-521DA34AFCCA}.Release_Developer|Win32.ActiveCfg = Release_Developer|Win32
		{35CC70F1-585F-55F5-7169-521DA34AFCCA}.Release_Developer|Win32.Build.0 = Release_Developer|Win32
		{35CC70F1-585F-55F5-7169-521DA34AFCCA}.Release_x64|Win32.ActiveCfg = Release_Developer|Win32
		{35CC70F1-585F-55F5-7169-521DA34AFCCA}.Release_x64|Win32.Build.0 = Release_Developer|Win32
		{35CC70F1-585F-55F5-7169-521DA34AFCCA}.Release|Win32.ActiveCfg = Release|Win32
		{35CC70F1-585F-55F5-7169-521DA34AFCCA}.Release|Win32.Build.0 = Release|Win32
	EndGlobalSection
	GlobalSection(SolutionProperties) = preSolution
		HideSolutionNode = FALSE
	EndGlobalSection
	GlobalSection(NestedProjects) = preSolution
		{E749D54E-AE92-9BE8-4D35-319473619CF0} = {FEB577BE-D1B1-4516-982F-3D4F24385561}
		{FEB577BE-D1B1-4516-982F-3D4F24385561} = {89C816A7-DD31-D54C-C69C-5A80E0C49B77}
		{FA66FC87-9071-598D-041B-BC9AE1089AD7} = {E749D54E-AE92-9BE8-4D35-319473619CF0}
		{BAB455F7-5072-C44B-BC89-8696C99CD6D8} = {E749D54E-AE92-9BE8-4D35-319473619CF0}
		{B7760B5E-BFA8-486B-ACFD-49E3A6DE8E76} = {E749D54E-AE92-9BE8-4D35-319473619CF0}
		{37CBE292-62AE-6DC4-2383-B7E19083950C} = {E749D54E-AE92-9BE8-4D35-319473619CF0}
		{56C8585E-7A13-8F51-F417-0D0576D49792} = {E749D54E-AE92-9BE8-4D35-319473619CF0}
		{65D56779-8B0C-9F4F-57C8-38A13671B5E5} = {E749D54E-AE92-9BE8-4D35-319473619CF0}
		{E3834188-5E59-6029-10B7-001324885B61} = {E749D54E-AE92-9BE8-4D35-319473619CF0}
		{D35C81CF-0FF9-0683-70B7-40B9761A2783} = {E749D54E-AE92-9BE8-4D35-319473619CF0}
		{4FCA04C5-E602-8C84-4529-30ACEE90369F} = {E749D54E-AE92-9BE8-4D35-319473619CF0}
		{14C5B93A-3F46-F713-7C3E-730FA1019C15} = {E749D54E-AE92-9BE8-4D35-319473619CF0}
		{438A23AC-5FA1-F065-52E3-BACABEB7A989} = {E749D54E-AE92-9BE8-4D35-319473619CF0}
		{BB05E5DA-2420-CBCC-BFF2-0E2FB348B616} = {E749D54E-AE92-9BE8-4D35-319473619CF0}
		{16B65F3E-7393-42B7-FF02-0CE2C6F9FF2C} = {E749D54E-AE92-9BE8-4D35-319473619CF0}
		{2D3E8F7C-FE4F-A655-0F87-E5D47ECD917C} = {E749D54E-AE92-9BE8-4D35-319473619CF0}
		{201D20B7-BFD3-0C47-F8A2-49D36441543C} = {E749D54E-AE92-9BE8-4D35-319473619CF0}
		{59488891-45FB-EB76-067A-618F2932B6A3} = {E749D54E-AE92-9BE8-4D35-319473619CF0}
		{B24C04BC-9391-5C53-FCE7-C453747F9378} = {E749D54E-AE92-9BE8-4D35-319473619CF0}
		{8E9CC747-4F5A-0633-1CC5-87BBDD56399E} = {E749D54E-AE92-9BE8-4D35-319473619CF0}
		{3C5FAA92-E19B-0F59-4B42-4DE46C142EE0} = {E749D54E-AE92-9BE8-4D35-319473619CF0}
		{F635F977-A2A6-0142-5C1B-2499A8F85BF6} = {E749D54E-AE92-9BE8-4D35-319473619CF0}
		{F54D683C-2D19-21ED-4AD1-C7D4924A5A4D} = {E749D54E-AE92-9BE8-4D35-319473619CF0}
		{E6C7FF5F-F2B4-4353-B45E-77CD72D12BFE} = {E749D54E-AE92-9BE8-4D35-319473619CF0}
		{6C6DCCA0-19E5-1BAD-B714-6EF0AF8D54F1} = {E749D54E-AE92-9BE8-4D35-319473619CF0}
		{A766B00C-0D4E-6CEC-6AB8-96364FB014CA} = {E749D54E-AE92-9BE8-4D35-319473619CF0}
		{24BB954A-C20F-2F0D-56CB-DA09C4C25845} = {E749D54E-AE92-9BE8-4D35-319473619CF0}
		{C850F3D6-AACC-58AA-DC5A-0F6D457AF22C} = {E749D54E-AE92-9BE8-4D35-319473619CF0}
		{E80DD4E7-8BDA-DDDF-8BE7-FC20ED41F41D} = {E749D54E-AE92-9BE8-4D35-319473619CF0}
		{8EC63885-3FEE-0904-44D5-AE84CAB80D74} = {E749D54E-AE92-9BE8-4D35-319473619CF0}
		{EF62BE51-3AD7-5A76-BFCD-49E296333B5E} = {E749D54E-AE92-9BE8-4D35-319473619CF0}
		{671CC131-4874-3884-DD12-F3D7F062DD20} = {E749D54E-AE92-9BE8-4D35-319473619CF0}
		{AA8BB20A-BFB7-C0B2-DC4A-0A33E6D86E70} = {E749D54E-AE92-9BE8-4D35-319473619CF0}
		{02662B02-5C97-92EA-9792-10AF0378DE47} = {E749D54E-AE92-9BE8-4D35-319473619CF0}
		{C3E8368B-CB6C-E4BE-1D08-B4A7CBCF9420} = {E749D54E-AE92-9BE8-4D35-319473619CF0}
		{B80C6A94-785E-650D-D3CD-C5C5237A3BE2} = {E749D54E-AE92-9BE8-4D35-319473619CF0}
		{72B7E323-8609-9201-D7E0-EA5DFDEFCA10} = {E749D54E-AE92-9BE8-4D35-319473619CF0}
		{C339C1C4-80AD-4576-7D6B-6BD5D6E2EA68} = {E749D54E-AE92-9BE8-4D35-319473619CF0}
		{35CC70F1-585F-55F5-7169-521DA34AFCCA} = {E749D54E-AE92-9BE8-4D35-319473619CF0}
	EndGlobalSection
EndGlobal
